
Microsoft Visual Studio Solution File, Format Version 12.00
# Visual Studio Version 16
VisualStudioVersion = 16.0.30413.136
MinimumVisualStudioVersion = 10.0.40219.1
Project("{9A19103F-16F7-4668-BE54-9A1E7A4F7556}") = "BusinessLogic", "Client\BusinessLogic\BusinessLogic.csproj", "{260948AB-6ECC-4D54-905A-481DEB23ADF8}"
EndProject
Project("{9A19103F-16F7-4668-BE54-9A1E7A4F7556}") = "TestPlatformProject", "Client\TestPlatformProject\TestPlatformProject.csproj", "{7F1EE832-72CF-433B-A8DC-9339AAB4DAE6}"
EndProject
Project("{9A19103F-16F7-4668-BE54-9A1E7A4F7556}") = "DataAccess", "Server\DataAccess\DataAccess.csproj", "{C78D7FA5-4A2B-43F5-A085-06103DE1585F}"
EndProject
Project("{FAE04EC0-301F-11D3-BF4B-00C04F79EFBC}") = "SeverApp", "Server\SeverApp\SeverApp.csproj", "{3E07A7A3-2C29-4C41-8009-62F282EBE7DF}"
EndProject
Global
	GlobalSection(SolutionConfigurationPlatforms) = preSolution
		Debug|Any CPU = Debug|Any CPU
		Release|Any CPU = Release|Any CPU
	EndGlobalSection
	GlobalSection(ProjectConfigurationPlatforms) = postSolution
		{260948AB-6ECC-4D54-905A-481DEB23ADF8}.Debug|Any CPU.ActiveCfg = Debug|Any CPU
		{260948AB-6ECC-4D54-905A-481DEB23ADF8}.Debug|Any CPU.Build.0 = Debug|Any CPU
		{260948AB-6ECC-4D54-905A-481DEB23ADF8}.Release|Any CPU.ActiveCfg = Release|Any CPU
		{260948AB-6ECC-4D54-905A-481DEB23ADF8}.Release|Any CPU.Build.0 = Release|Any CPU
		{7F1EE832-72CF-433B-A8DC-9339AAB4DAE6}.Debug|Any CPU.ActiveCfg = Debug|Any CPU
		{7F1EE832-72CF-433B-A8DC-9339AAB4DAE6}.Debug|Any CPU.Build.0 = Debug|Any CPU
		{7F1EE832-72CF-433B-A8DC-9339AAB4DAE6}.Release|Any CPU.ActiveCfg = Release|Any CPU
		{7F1EE832-72CF-433B-A8DC-9339AAB4DAE6}.Release|Any CPU.Build.0 = Release|Any CPU
		{C78D7FA5-4A2B-43F5-A085-06103DE1585F}.Debug|Any CPU.ActiveCfg = Debug|Any CPU
		{C78D7FA5-4A2B-43F5-A085-06103DE1585F}.Debug|Any CPU.Build.0 = Debug|Any CPU
		{C78D7FA5-4A2B-43F5-A085-06103DE1585F}.Release|Any CPU.ActiveCfg = Release|Any CPU
		{C78D7FA5-4A2B-43F5-A085-06103DE1585F}.Release|Any CPU.Build.0 = Release|Any CPU
		{3E07A7A3-2C29-4C41-8009-62F282EBE7DF}.Debug|Any CPU.ActiveCfg = Debug|Any CPU
		{3E07A7A3-2C29-4C41-8009-62F282EBE7DF}.Debug|Any CPU.Build.0 = Debug|Any CPU
		{3E07A7A3-2C29-4C41-8009-62F282EBE7DF}.Release|Any CPU.ActiveCfg = Release|Any CPU
		{3E07A7A3-2C29-4C41-8009-62F282EBE7DF}.Release|Any CPU.Build.0 = Release|Any CPU
	EndGlobalSection
	GlobalSection(SolutionProperties) = preSolution
		HideSolutionNode = FALSE
	EndGlobalSection
	GlobalSection(ExtensibilityGlobals) = postSolution
		SolutionGuid = {B219BB8B-EA31-4958-BD00-6605DBF305EF}
	EndGlobalSection
EndGlobal
